
Microsoft Visual Studio Solution File, Format Version 12.00
# Visual Studio Version 16
VisualStudioVersion = 16.0.30711.63
MinimumVisualStudioVersion = 10.0.40219.1
Project("{FAE04EC0-301F-11D3-BF4B-00C04F79EFBC}") = "UpdateChecker", "UpdateChecker\UpdateChecker.csproj", "{A67D4A65-B0E8-4DCB-8AC2-8AA2793423C9}"
EndProject
Project("{FAE04EC0-301F-11D3-BF4B-00C04F79EFBC}") = "UnitTest", "UnitTest\UnitTest.csproj", "{84DEA08C-C1E7-4255-B21F-CB8B75BCFBFB}"
EndProject
Global
	GlobalSection(SolutionConfigurationPlatforms) = preSolution
		Debug|Any CPU = Debug|Any CPU
		Release|Any CPU = Release|Any CPU
	EndGlobalSection
	GlobalSection(ProjectConfigurationPlatforms) = postSolution
		{A67D4A65-B0E8-4DCB-8AC2-8AA2793423C9}.Debug|Any CPU.ActiveCfg = Debug|Any CPU
		{A67D4A65-B0E8-4DCB-8AC2-8AA2793423C9}.Debug|Any CPU.Build.0 = Debug|Any CPU
		{A67D4A65-B0E8-4DCB-8AC2-8AA2793423C9}.Release|Any CPU.ActiveCfg = Release|Any CPU
		{A67D4A65-B0E8-4DCB-8AC2-8AA2793423C9}.Release|Any CPU.Build.0 = Release|Any CPU
		{84DEA08C-C1E7-4255-B21F-CB8B75BCFBFB}.Debug|Any CPU.ActiveCfg = Debug|Any CPU
		{84DEA08C-C1E7-4255-B21F-CB8B75BCFBFB}.Debug|Any CPU.Build.0 = Debug|Any CPU
		{84DEA08C-C1E7-4255-B21F-CB8B75BCFBFB}.Release|Any CPU.ActiveCfg = Release|Any CPU
		{84DEA08C-C1E7-4255-B21F-CB8B75BCFBFB}.Release|Any CPU.Build.0 = Release|Any CPU
	EndGlobalSection
	GlobalSection(SolutionProperties) = preSolution
		HideSolutionNode = FALSE
	EndGlobalSection
	GlobalSection(ExtensibilityGlobals) = postSolution
		SolutionGuid = {DBBB068B-3F34-4607-9257-A0825593DED7}
	EndGlobalSection
EndGlobal
